
Microsoft Visual Studio Solution File, Format Version 12.00
# Visual Studio Version 17
VisualStudioVersion = 17.7.34202.233
MinimumVisualStudioVersion = 10.0.40219.1
Project("{FAE04EC0-301F-11D3-BF4B-00C04F79EFBC}") = "ConsoleApp1", "ConsoleApp1\ConsoleApp1.csproj", "{95E85041-7C58-4677-B8E8-7D26BC90CC3B}"
EndProject
Global
	GlobalSection(SolutionConfigurationPlatforms) = preSolution
		Debug|Any CPU = Debug|Any CPU
		Release|Any CPU = Release|Any CPU
	EndGlobalSection
	GlobalSection(ProjectConfigurationPlatforms) = postSolution
		{95E85041-7C58-4677-B8E8-7D26BC90CC3B}.Debug|Any CPU.ActiveCfg = Debug|Any CPU
		{95E85041-7C58-4677-B8E8-7D26BC90CC3B}.Debug|Any CPU.Build.0 = Debug|Any CPU
		{95E85041-7C58-4677-B8E8-7D26BC90CC3B}.Release|Any CPU.ActiveCfg = Release|Any CPU
		{95E85041-7C58-4677-B8E8-7D26BC90CC3B}.Release|Any CPU.Build.0 = Release|Any CPU
	EndGlobalSection
	GlobalSection(SolutionProperties) = preSolution
		HideSolutionNode = FALSE
	EndGlobalSection
	GlobalSection(ExtensibilityGlobals) = postSolution
		SolutionGuid = {84D2F5D9-2F3B-496D-A420-550FF5176B93}
	EndGlobalSection
EndGlobal
